
Microsoft Visual Studio Solution File, Format Version 12.00
# Visual Studio Version 17
VisualStudioVersion = 17.10.35027.167
MinimumVisualStudioVersion = 10.0.40219.1
Project("{FAE04EC0-301F-11D3-BF4B-00C04F79EFBC}") = "Practica20250311.AppWebMVC", "Practica20250311.AppWebMVC\Practica20250311.AppWebMVC.csproj", "{31E1D8C6-F6BD-42C9-9C0A-CB66301494ED}"
EndProject
Global
	GlobalSection(SolutionConfigurationPlatforms) = preSolution
		Debug|Any CPU = Debug|Any CPU
		Release|Any CPU = Release|Any CPU
	EndGlobalSection
	GlobalSection(ProjectConfigurationPlatforms) = postSolution
		{31E1D8C6-F6BD-42C9-9C0A-CB66301494ED}.Debug|Any CPU.ActiveCfg = Debug|Any CPU
		{31E1D8C6-F6BD-42C9-9C0A-CB66301494ED}.Debug|Any CPU.Build.0 = Debug|Any CPU
		{31E1D8C6-F6BD-42C9-9C0A-CB66301494ED}.Release|Any CPU.ActiveCfg = Release|Any CPU
		{31E1D8C6-F6BD-42C9-9C0A-CB66301494ED}.Release|Any CPU.Build.0 = Release|Any CPU
	EndGlobalSection
	GlobalSection(SolutionProperties) = preSolution
		HideSolutionNode = FALSE
	EndGlobalSection
	GlobalSection(ExtensibilityGlobals) = postSolution
		SolutionGuid = {EA345B24-BB2B-4E56-B18E-B57DF2D0A5F7}
	EndGlobalSection
EndGlobal
